{
  "name": "next-app",
  "version": "0.1.0",
  "lockfileVersion": 2,
  "requires": true,
  "packages": {
    "": {
      "name": "next-app",
      "version": "0.1.0",
      "dependencies": {
        "next": "^12.1.7-canary.31",
        "react": "^18.1.0",
        "react-dom": "^18.1.0",
        "some-pkg": "file:./some-pkg"
      }
    },
    "node_modules/@next/env": {
      "version": "12.1.7-canary.31",
      "resolved": "https://registry.npmjs.org/@next/env/-/env-12.1.7-canary.31.tgz",
      "integrity": "sha512-ZgNeQbfTKE3ykiCiCZVEN7Q0VvLoTspv0+K50cHd8uG9cf2DzkT0AhLqCweTrHUnYCCTbb6v5GL4bWt54KIatA=="
    },
    "node_modules/@next/swc-android-arm-eabi": {
      "version": "12.1.7-canary.31",
      "resolved": "https://registry.npmjs.org/@next/swc-android-arm-eabi/-/swc-android-arm-eabi-12.1.7-canary.31.tgz",
      "integrity": "sha512-2Yb2KrD3jl6og3/B8yfs+1zgO7bziBUJg1KtHtr4fZTV1LqNnuPt9jQz3dB6nRcyMwctzN9H3RXCXcjslBm1Hw==",
      "cpu": [
        "arm"
      ],
      "optional": true,
      "os": [
        "android"
      ],
      "engines": {
        "node": ">= 10"
      }
    },
    "node_modules/@next/swc-android-arm64": {
      "version": "12.1.7-canary.31",
      "resolved": "https://registry.npmjs.org/@next/swc-android-arm64/-/swc-android-arm64-12.1.7-canary.31.tgz",
      "integrity": "sha512-fAKRO9pGn/HRi4jK7DJTPvDwTuElocsRkaKph5Awp2P+nZRUY41Q7UlgGh+tjjhkV9s+AQ4ErYJdzk+3ZiKEMw==",
      "cpu": [
        "arm64"
      ],
      "optional": true,
      "os": [
        "android"
      ],
      "engines": {
        "node": ">= 10"
      }
    },
    "node_modules/@next/swc-darwin-arm64": {
      "version": "12.1.7-canary.31",
      "resolved": "https://registry.npmjs.org/@next/swc-darwin-arm64/-/swc-darwin-arm64-12.1.7-canary.31.tgz",
      "integrity": "sha512-xn8o3cGTj9HkkFadaKsleEDk2618X5xYFg02jqZiiLSUSVlOXp+cLm42BfECkBXbv1CsgBOF+INy7FUaQilozg==",
      "cpu": [
        "arm64"
      ],
      "optional": true,
      "os": [
        "darwin"
      ],
      "engines": {
        "node": ">= 10"
      }
    },
    "node_modules/@next/swc-darwin-x64": {
      "version": "12.1.7-canary.31",
      "resolved": "https://registry.npmjs.org/@next/swc-darwin-x64/-/swc-darwin-x64-12.1.7-canary.31.tgz",
      "integrity": "sha512-gAidb6YTKHXtUY/zIrazjL+BaSC4wvhY1QfS0GVlhAvmmEkg5SgHSwwbApvP0rSxpTILWrws99k7DX36qGFQdw==",
      "cpu": [
        "x64"
      ],
      "optional": true,
      "os": [
        "darwin"
      ],
      "engines": {
        "node": ">= 10"
      }
    },
    "node_modules/@next/swc-freebsd-x64": {
      "version": "12.1.7-canary.31",
      "resolved": "https://registry.npmjs.org/@next/swc-freebsd-x64/-/swc-freebsd-x64-12.1.7-canary.31.tgz",
      "integrity": "sha512-ylLyao5aVkXUzKyD1kJy5Uzv8koaG+BbTgrsAY60xlGQ2/OA9p+10F2qa6tj+daUhg1qQT00ZgC3dNkkmPOBCA==",
      "cpu": [
        "x64"
      ],
      "optional": true,
      "os": [
        "freebsd"
      ],
      "engines": {
        "node": ">= 10"
      }
    },
    "node_modules/@next/swc-linux-arm-gnueabihf": {
      "version": "12.1.7-canary.31",
      "resolved": "https://registry.npmjs.org/@next/swc-linux-arm-gnueabihf/-/swc-linux-arm-gnueabihf-12.1.7-canary.31.tgz",
      "integrity": "sha512-JFVHWyFsBbRIBjUK6B/tPmb/yWsmuIMA0edl0gIA2dHQs1pmIGopMhOTSLK0F8VdpMdMDIqTDsOx8Sx4OvZVIA==",
      "cpu": [
        "arm"
      ],
      "optional": true,
      "os": [
        "linux"
      ],
      "engines": {
        "node": ">= 10"
      }
    },
    "node_modules/@next/swc-linux-arm64-gnu": {
      "version": "12.1.7-canary.31",
      "resolved": "https://registry.npmjs.org/@next/swc-linux-arm64-gnu/-/swc-linux-arm64-gnu-12.1.7-canary.31.tgz",
      "integrity": "sha512-iN9JnXvVLpUEtuJ19GqDGYbqRCHC8/9a3hNs+IYd/imqthVLrq4MWSJDnEAuTi3xhEP++Zf3i7mGERn6phYbzg==",
      "cpu": [
        "arm64"
      ],
      "optional": true,
      "os": [
        "linux"
      ],
      "engines": {
        "node": ">= 10"
      }
    },
    "node_modules/@next/swc-linux-arm64-musl": {
      "version": "12.1.7-canary.31",
      "resolved": "https://registry.npmjs.org/@next/swc-linux-arm64-musl/-/swc-linux-arm64-musl-12.1.7-canary.31.tgz",
      "integrity": "sha512-v49XBPWqscveeVK/lrRHr0IWISOshvoqHLHwTgySJxQTewrpJTFQST6Tz1PAHV4f5O2YpVeFPmwnIoHtab624g==",
      "cpu": [
        "arm64"
      ],
      "optional": true,
      "os": [
        "linux"
      ],
      "engines": {
        "node": ">= 10"
      }
    },
    "node_modules/@next/swc-linux-x64-gnu": {
      "version": "12.1.7-canary.31",
      "resolved": "https://registry.npmjs.org/@next/swc-linux-x64-gnu/-/swc-linux-x64-gnu-12.1.7-canary.31.tgz",
      "integrity": "sha512-3OCsFsTvPk83myAbzPMKKaX4AH204ny69HEef3qS2OAIgkDKVSU+m3KHxDgSVN9PSiIeh9GPqoObTH0RIj/syg==",
      "cpu": [
        "x64"
      ],
      "optional": true,
      "os": [
        "linux"
      ],
      "engines": {
        "node": ">= 10"
      }
    },
    "node_modules/@next/swc-linux-x64-musl": {
      "version": "12.1.7-canary.31",
      "resolved": "https://registry.npmjs.org/@next/swc-linux-x64-musl/-/swc-linux-x64-musl-12.1.7-canary.31.tgz",
      "integrity": "sha512-EluG+pMYfjSCcERnKs4AqbMFdl8q2va3mV2T9St1tJ3XUa1x2F+X5SUVw2uNifdr2wddl4WnS19DmO9BrCAS9w==",
      "cpu": [
        "x64"
      ],
      "optional": true,
      "os": [
        "linux"
      ],
      "engines": {
        "node": ">= 10"
      }
    },
    "node_modules/@next/swc-win32-arm64-msvc": {
      "version": "12.1.7-canary.31",
      "resolved": "https://registry.npmjs.org/@next/swc-win32-arm64-msvc/-/swc-win32-arm64-msvc-12.1.7-canary.31.tgz",
      "integrity": "sha512-3WbAmLsxSPdl+Dah4Qz7UJYTzG9ry7QO5ZIF5TIToy7B0wsfZtJuyyt+4RDytOmLmht2j7mibEjGgof4ceuMbw==",
      "cpu": [
        "arm64"
      ],
      "optional": true,
      "os": [
        "win32"
      ],
      "engines": {
        "node": ">= 10"
      }
    },
    "node_modules/@next/swc-win32-ia32-msvc": {
      "version": "12.1.7-canary.31",
      "resolved": "https://registry.npmjs.org/@next/swc-win32-ia32-msvc/-/swc-win32-ia32-msvc-12.1.7-canary.31.tgz",
      "integrity": "sha512-T2K/xAsXg5kkJGfAUu0nZPPXR6//Oe499tXGC4W6guaoD11FTfOr+etIFXmnNVL4t7vMO13OEd/XFb3v0eK1zg==",
      "cpu": [
        "ia32"
      ],
      "optional": true,
      "os": [
        "win32"
      ],
      "engines": {
        "node": ">= 10"
      }
    },
    "node_modules/@next/swc-win32-x64-msvc": {
      "version": "12.1.7-canary.31",
      "resolved": "https://registry.npmjs.org/@next/swc-win32-x64-msvc/-/swc-win32-x64-msvc-12.1.7-canary.31.tgz",
      "integrity": "sha512-/7HONHYYeGUL+X3iG3Pa+HXXhYtHAskIBNLRDoMJ/XC0FWpfm3scqLAPrNVKp7QMx8wYToS+IEVipt5785Wmeg==",
      "cpu": [
        "x64"
      ],
      "optional": true,
      "os": [
        "win32"
      ],
      "engines": {
        "node": ">= 10"
      }
    },
    "node_modules/caniuse-lite": {
      "version": "1.0.30001350",
      "resolved": "https://registry.npmjs.org/caniuse-lite/-/caniuse-lite-1.0.30001350.tgz",
      "integrity": "sha512-NZBql38Pzd+rAu5SPXv+qmTWGQuFsRiemHCJCAPvkoDxWV19/xqL2YHF32fDJ9SDLdLqfax8+S0CO3ncDCp9Iw==",
      "funding": [
        {
          "type": "opencollective",
          "url": "https://opencollective.com/browserslist"
        },
        {
          "type": "tidelift",
          "url": "https://tidelift.com/funding/github/npm/caniuse-lite"
        }
      ]
    },
    "node_modules/js-tokens": {
      "version": "4.0.0",
      "resolved": "https://registry.npmjs.org/js-tokens/-/js-tokens-4.0.0.tgz",
      "integrity": "sha512-RdJUflcE3cUzKiMqQgsCu06FPu9UdIJO0beYbPhHN4k6apgJtifcoCtT9bcxOpYBtpD2kCM6Sbzg4CausW/PKQ=="
    },
    "node_modules/loose-envify": {
      "version": "1.4.0",
      "resolved": "https://registry.npmjs.org/loose-envify/-/loose-envify-1.4.0.tgz",
      "integrity": "sha512-lyuxPGr/Wfhrlem2CL/UcnUc1zcqKAImBDzukY7Y5F/yQiNdko6+fRLevlw1HgMySw7f611UIY408EtxRSoK3Q==",
      "dependencies": {
        "js-tokens": "^3.0.0 || ^4.0.0"
      },
      "bin": {
        "loose-envify": "cli.js"
      }
    },
    "node_modules/nanoid": {
      "version": "3.3.4",
      "resolved": "https://registry.npmjs.org/nanoid/-/nanoid-3.3.4.tgz",
      "integrity": "sha512-MqBkQh/OHTS2egovRtLk45wEyNXwF+cokD+1YPf9u5VfJiRdAiRwB2froX5Co9Rh20xs4siNPm8naNotSD6RBw==",
      "bin": {
        "nanoid": "bin/nanoid.cjs"
      },
      "engines": {
        "node": "^10 || ^12 || ^13.7 || ^14 || >=15.0.1"
      }
    },
    "node_modules/next": {
      "version": "12.1.7-canary.31",
      "resolved": "https://registry.npmjs.org/next/-/next-12.1.7-canary.31.tgz",
      "integrity": "sha512-3R02/hwxkr5477nC4FqL6+oxdifRyh2kBNg3WNStpaSRIaGMhymg3fdECPTzIFeUspZ+/E1vPWQ9xjYqUQexfQ==",
      "dependencies": {
        "@next/env": "12.1.7-canary.31",
        "caniuse-lite": "^1.0.30001332",
        "postcss": "8.4.5",
        "styled-jsx": "5.0.2",
        "use-sync-external-store": "1.1.0"
      },
      "bin": {
        "next": "dist/bin/next"
      },
      "engines": {
        "node": ">=12.22.0"
      },
      "optionalDependencies": {
        "@next/swc-android-arm-eabi": "12.1.7-canary.31",
        "@next/swc-android-arm64": "12.1.7-canary.31",
        "@next/swc-darwin-arm64": "12.1.7-canary.31",
        "@next/swc-darwin-x64": "12.1.7-canary.31",
        "@next/swc-freebsd-x64": "12.1.7-canary.31",
        "@next/swc-linux-arm-gnueabihf": "12.1.7-canary.31",
        "@next/swc-linux-arm64-gnu": "12.1.7-canary.31",
        "@next/swc-linux-arm64-musl": "12.1.7-canary.31",
        "@next/swc-linux-x64-gnu": "12.1.7-canary.31",
        "@next/swc-linux-x64-musl": "12.1.7-canary.31",
        "@next/swc-win32-arm64-msvc": "12.1.7-canary.31",
        "@next/swc-win32-ia32-msvc": "12.1.7-canary.31",
        "@next/swc-win32-x64-msvc": "12.1.7-canary.31"
      },
      "peerDependencies": {
        "fibers": ">= 3.1.0",
        "node-sass": "^6.0.0 || ^7.0.0",
        "react": "^17.0.2 || ^18.0.0-0",
        "react-dom": "^17.0.2 || ^18.0.0-0",
        "sass": "^1.3.0"
      },
      "peerDependenciesMeta": {
        "fibers": {
          "optional": true
        },
        "node-sass": {
          "optional": true
        },
        "sass": {
          "optional": true
        }
      }
    },
    "node_modules/picocolors": {
      "version": "1.0.0",
      "resolved": "https://registry.npmjs.org/picocolors/-/picocolors-1.0.0.tgz",
      "integrity": "sha512-1fygroTLlHu66zi26VoTDv8yRgm0Fccecssto+MhsZ0D/DGW2sm8E8AjW7NU5VVTRt5GxbeZ5qBuJr+HyLYkjQ=="
    },
    "node_modules/postcss": {
      "version": "8.4.5",
      "resolved": "https://registry.npmjs.org/postcss/-/postcss-8.4.5.tgz",
      "integrity": "sha512-jBDboWM8qpaqwkMwItqTQTiFikhs/67OYVvblFFTM7MrZjt6yMKd6r2kgXizEbTTljacm4NldIlZnhbjr84QYg==",
      "dependencies": {
        "nanoid": "^3.1.30",
        "picocolors": "^1.0.0",
        "source-map-js": "^1.0.1"
      },
      "engines": {
        "node": "^10 || ^12 || >=14"
      },
      "funding": {
        "type": "opencollective",
        "url": "https://opencollective.com/postcss/"
      }
    },
    "node_modules/react": {
      "version": "18.1.0",
      "resolved": "https://registry.npmjs.org/react/-/react-18.1.0.tgz",
      "integrity": "sha512-4oL8ivCz5ZEPyclFQXaNksK3adutVS8l2xzZU0cqEFrE9Sb7fC0EFK5uEk74wIreL1DERyjvsU915j1pcT2uEQ==",
      "dependencies": {
        "loose-envify": "^1.1.0"
      },
      "engines": {
        "node": ">=0.10.0"
      }
    },
    "node_modules/react-dom": {
      "version": "18.1.0",
      "resolved": "https://registry.npmjs.org/react-dom/-/react-dom-18.1.0.tgz",
      "integrity": "sha512-fU1Txz7Budmvamp7bshe4Zi32d0ll7ect+ccxNu9FlObT605GOEB8BfO4tmRJ39R5Zj831VCpvQ05QPBW5yb+w==",
      "dependencies": {
        "loose-envify": "^1.1.0",
        "scheduler": "^0.22.0"
      },
      "peerDependencies": {
        "react": "^18.1.0"
      }
    },
    "node_modules/scheduler": {
      "version": "0.22.0",
      "resolved": "https://registry.npmjs.org/scheduler/-/scheduler-0.22.0.tgz",
      "integrity": "sha512-6QAm1BgQI88NPYymgGQLCZgvep4FyePDWFpXVK+zNSUgHwlqpJy8VEh8Et0KxTACS4VWwMousBElAZOH9nkkoQ==",
      "dependencies": {
        "loose-envify": "^1.1.0"
      }
    },
    "node_modules/some-pkg": {
      "resolved": "some-pkg",
      "link": true
    },
    "node_modules/source-map-js": {
      "version": "1.0.2",
      "resolved": "https://registry.npmjs.org/source-map-js/-/source-map-js-1.0.2.tgz",
      "integrity": "sha512-R0XvVJ9WusLiqTCEiGCmICCMplcCkIwwR11mOSD9CR5u+IXYdiseeEuXCVAjS54zqwkLcPNnmU4OeJ6tUrWhDw==",
      "engines": {
        "node": ">=0.10.0"
      }
    },
    "node_modules/styled-jsx": {
      "version": "5.0.2",
      "resolved": "https://registry.npmjs.org/styled-jsx/-/styled-jsx-5.0.2.tgz",
      "integrity": "sha512-LqPQrbBh3egD57NBcHET4qcgshPks+yblyhPlH2GY8oaDgKs8SK4C3dBh3oSJjgzJ3G5t1SYEZGHkP+QEpX9EQ==",
      "engines": {
        "node": ">= 12.0.0"
      },
      "peerDependencies": {
        "react": ">= 16.8.0 || 17.x.x || ^18.0.0-0"
      },
      "peerDependenciesMeta": {
        "@babel/core": {
          "optional": true
        },
        "babel-plugin-macros": {
          "optional": true
        }
      }
    },
    "node_modules/use-sync-external-store": {
      "version": "1.1.0",
      "resolved": "https://registry.npmjs.org/use-sync-external-store/-/use-sync-external-store-1.1.0.tgz",
      "integrity": "sha512-SEnieB2FPKEVne66NpXPd1Np4R1lTNKfjuy3XdIoPQKYBAFdzbzSZlSn1KJZUiihQLQC5Znot4SBz1EOTBwQAQ==",
      "peerDependencies": {
        "react": "^16.8.0 || ^17.0.0 || ^18.0.0"
      }
    },
    "some-pkg": {}
  },
  "dependencies": {
    "@next/env": {
      "version": "12.1.7-canary.31",
      "resolved": "https://registry.npmjs.org/@next/env/-/env-12.1.7-canary.31.tgz",
      "integrity": "sha512-ZgNeQbfTKE3ykiCiCZVEN7Q0VvLoTspv0+K50cHd8uG9cf2DzkT0AhLqCweTrHUnYCCTbb6v5GL4bWt54KIatA=="
    },
    "@next/swc-android-arm-eabi": {
      "version": "12.1.7-canary.31",
      "resolved": "https://registry.npmjs.org/@next/swc-android-arm-eabi/-/swc-android-arm-eabi-12.1.7-canary.31.tgz",
      "integrity": "sha512-2Yb2KrD3jl6og3/B8yfs+1zgO7bziBUJg1KtHtr4fZTV1LqNnuPt9jQz3dB6nRcyMwctzN9H3RXCXcjslBm1Hw==",
      "optional": true
    },
    "@next/swc-android-arm64": {
      "version": "12.1.7-canary.31",
      "resolved": "https://registry.npmjs.org/@next/swc-android-arm64/-/swc-android-arm64-12.1.7-canary.31.tgz",
      "integrity": "sha512-fAKRO9pGn/HRi4jK7DJTPvDwTuElocsRkaKph5Awp2P+nZRUY41Q7UlgGh+tjjhkV9s+AQ4ErYJdzk+3ZiKEMw==",
      "optional": true
    },
    "@next/swc-darwin-arm64": {
      "version": "12.1.7-canary.31",
      "resolved": "https://registry.npmjs.org/@next/swc-darwin-arm64/-/swc-darwin-arm64-12.1.7-canary.31.tgz",
      "integrity": "sha512-xn8o3cGTj9HkkFadaKsleEDk2618X5xYFg02jqZiiLSUSVlOXp+cLm42BfECkBXbv1CsgBOF+INy7FUaQilozg==",
      "optional": true
    },
    "@next/swc-darwin-x64": {
      "version": "12.1.7-canary.31",
      "resolved": "https://registry.npmjs.org/@next/swc-darwin-x64/-/swc-darwin-x64-12.1.7-canary.31.tgz",
      "integrity": "sha512-gAidb6YTKHXtUY/zIrazjL+BaSC4wvhY1QfS0GVlhAvmmEkg5SgHSwwbApvP0rSxpTILWrws99k7DX36qGFQdw==",
      "optional": true
    },
    "@next/swc-freebsd-x64": {
      "version": "12.1.7-canary.31",
      "resolved": "https://registry.npmjs.org/@next/swc-freebsd-x64/-/swc-freebsd-x64-12.1.7-canary.31.tgz",
      "integrity": "sha512-ylLyao5aVkXUzKyD1kJy5Uzv8koaG+BbTgrsAY60xlGQ2/OA9p+10F2qa6tj+daUhg1qQT00ZgC3dNkkmPOBCA==",
      "optional": true
    },
    "@next/swc-linux-arm-gnueabihf": {
      "version": "12.1.7-canary.31",
      "resolved": "https://registry.npmjs.org/@next/swc-linux-arm-gnueabihf/-/swc-linux-arm-gnueabihf-12.1.7-canary.31.tgz",
      "integrity": "sha512-JFVHWyFsBbRIBjUK6B/tPmb/yWsmuIMA0edl0gIA2dHQs1pmIGopMhOTSLK0F8VdpMdMDIqTDsOx8Sx4OvZVIA==",
      "optional": true
    },
    "@next/swc-linux-arm64-gnu": {
      "version": "12.1.7-canary.31",
      "resolved": "https://registry.npmjs.org/@next/swc-linux-arm64-gnu/-/swc-linux-arm64-gnu-12.1.7-canary.31.tgz",
      "integrity": "sha512-iN9JnXvVLpUEtuJ19GqDGYbqRCHC8/9a3hNs+IYd/imqthVLrq4MWSJDnEAuTi3xhEP++Zf3i7mGERn6phYbzg==",
      "optional": true
    },
    "@next/swc-linux-arm64-musl": {
      "version": "12.1.7-canary.31",
      "resolved": "https://registry.npmjs.org/@next/swc-linux-arm64-musl/-/swc-linux-arm64-musl-12.1.7-canary.31.tgz",
      "integrity": "sha512-v49XBPWqscveeVK/lrRHr0IWISOshvoqHLHwTgySJxQTewrpJTFQST6Tz1PAHV4f5O2YpVeFPmwnIoHtab624g==",
      "optional": true
    },
    "@next/swc-linux-x64-gnu": {
      "version": "12.1.7-canary.31",
      "resolved": "https://registry.npmjs.org/@next/swc-linux-x64-gnu/-/swc-linux-x64-gnu-12.1.7-canary.31.tgz",
      "integrity": "sha512-3OCsFsTvPk83myAbzPMKKaX4AH204ny69HEef3qS2OAIgkDKVSU+m3KHxDgSVN9PSiIeh9GPqoObTH0RIj/syg==",
      "optional": true
    },
    "@next/swc-linux-x64-musl": {
      "version": "12.1.7-canary.31",
      "resolved": "https://registry.npmjs.org/@next/swc-linux-x64-musl/-/swc-linux-x64-musl-12.1.7-canary.31.tgz",
      "integrity": "sha512-EluG+pMYfjSCcERnKs4AqbMFdl8q2va3mV2T9St1tJ3XUa1x2F+X5SUVw2uNifdr2wddl4WnS19DmO9BrCAS9w==",
      "optional": true
    },
    "@next/swc-win32-arm64-msvc": {
      "version": "12.1.7-canary.31",
      "resolved": "https://registry.npmjs.org/@next/swc-win32-arm64-msvc/-/swc-win32-arm64-msvc-12.1.7-canary.31.tgz",
      "integrity": "sha512-3WbAmLsxSPdl+Dah4Qz7UJYTzG9ry7QO5ZIF5TIToy7B0wsfZtJuyyt+4RDytOmLmht2j7mibEjGgof4ceuMbw==",
      "optional": true
    },
    "@next/swc-win32-ia32-msvc": {
      "version": "12.1.7-canary.31",
      "resolved": "https://registry.npmjs.org/@next/swc-win32-ia32-msvc/-/swc-win32-ia32-msvc-12.1.7-canary.31.tgz",
      "integrity": "sha512-T2K/xAsXg5kkJGfAUu0nZPPXR6//Oe499tXGC4W6guaoD11FTfOr+etIFXmnNVL4t7vMO13OEd/XFb3v0eK1zg==",
      "optional": true
    },
    "@next/swc-win32-x64-msvc": {
      "version": "12.1.7-canary.31",
      "resolved": "https://registry.npmjs.org/@next/swc-win32-x64-msvc/-/swc-win32-x64-msvc-12.1.7-canary.31.tgz",
      "integrity": "sha512-/7HONHYYeGUL+X3iG3Pa+HXXhYtHAskIBNLRDoMJ/XC0FWpfm3scqLAPrNVKp7QMx8wYToS+IEVipt5785Wmeg==",
      "optional": true
    },
    "caniuse-lite": {
      "version": "1.0.30001350",
      "resolved": "https://registry.npmjs.org/caniuse-lite/-/caniuse-lite-1.0.30001350.tgz",
      "integrity": "sha512-NZBql38Pzd+rAu5SPXv+qmTWGQuFsRiemHCJCAPvkoDxWV19/xqL2YHF32fDJ9SDLdLqfax8+S0CO3ncDCp9Iw=="
    },
    "js-tokens": {
      "version": "4.0.0",
      "resolved": "https://registry.npmjs.org/js-tokens/-/js-tokens-4.0.0.tgz",
      "integrity": "sha512-RdJUflcE3cUzKiMqQgsCu06FPu9UdIJO0beYbPhHN4k6apgJtifcoCtT9bcxOpYBtpD2kCM6Sbzg4CausW/PKQ=="
    },
    "loose-envify": {
      "version": "1.4.0",
      "resolved": "https://registry.npmjs.org/loose-envify/-/loose-envify-1.4.0.tgz",
      "integrity": "sha512-lyuxPGr/Wfhrlem2CL/UcnUc1zcqKAImBDzukY7Y5F/yQiNdko6+fRLevlw1HgMySw7f611UIY408EtxRSoK3Q==",
      "requires": {
        "js-tokens": "^3.0.0 || ^4.0.0"
      }
    },
    "nanoid": {
      "version": "3.3.4",
      "resolved": "https://registry.npmjs.org/nanoid/-/nanoid-3.3.4.tgz",
      "integrity": "sha512-MqBkQh/OHTS2egovRtLk45wEyNXwF+cokD+1YPf9u5VfJiRdAiRwB2froX5Co9Rh20xs4siNPm8naNotSD6RBw=="
    },
    "next": {
      "version": "12.1.7-canary.31",
      "resolved": "https://registry.npmjs.org/next/-/next-12.1.7-canary.31.tgz",
      "integrity": "sha512-3R02/hwxkr5477nC4FqL6+oxdifRyh2kBNg3WNStpaSRIaGMhymg3fdECPTzIFeUspZ+/E1vPWQ9xjYqUQexfQ==",
      "requires": {
        "@next/env": "12.1.7-canary.31",
        "@next/swc-android-arm-eabi": "12.1.7-canary.31",
        "@next/swc-android-arm64": "12.1.7-canary.31",
        "@next/swc-darwin-arm64": "12.1.7-canary.31",
        "@next/swc-darwin-x64": "12.1.7-canary.31",
        "@next/swc-freebsd-x64": "12.1.7-canary.31",
        "@next/swc-linux-arm-gnueabihf": "12.1.7-canary.31",
        "@next/swc-linux-arm64-gnu": "12.1.7-canary.31",
        "@next/swc-linux-arm64-musl": "12.1.7-canary.31",
        "@next/swc-linux-x64-gnu": "12.1.7-canary.31",
        "@next/swc-linux-x64-musl": "12.1.7-canary.31",
        "@next/swc-win32-arm64-msvc": "12.1.7-canary.31",
        "@next/swc-win32-ia32-msvc": "12.1.7-canary.31",
        "@next/swc-win32-x64-msvc": "12.1.7-canary.31",
        "caniuse-lite": "^1.0.30001332",
        "postcss": "8.4.5",
        "styled-jsx": "5.0.2",
        "use-sync-external-store": "1.1.0"
      }
    },
    "picocolors": {
      "version": "1.0.0",
      "resolved": "https://registry.npmjs.org/picocolors/-/picocolors-1.0.0.tgz",
      "integrity": "sha512-1fygroTLlHu66zi26VoTDv8yRgm0Fccecssto+MhsZ0D/DGW2sm8E8AjW7NU5VVTRt5GxbeZ5qBuJr+HyLYkjQ=="
    },
    "postcss": {
      "version": "8.4.5",
      "resolved": "https://registry.npmjs.org/postcss/-/postcss-8.4.5.tgz",
      "integrity": "sha512-jBDboWM8qpaqwkMwItqTQTiFikhs/67OYVvblFFTM7MrZjt6yMKd6r2kgXizEbTTljacm4NldIlZnhbjr84QYg==",
      "requires": {
        "nanoid": "^3.1.30",
        "picocolors": "^1.0.0",
        "source-map-js": "^1.0.1"
      }
    },
    "react": {
      "version": "18.1.0",
      "resolved": "https://registry.npmjs.org/react/-/react-18.1.0.tgz",
      "integrity": "sha512-4oL8ivCz5ZEPyclFQXaNksK3adutVS8l2xzZU0cqEFrE9Sb7fC0EFK5uEk74wIreL1DERyjvsU915j1pcT2uEQ==",
      "requires": {
        "loose-envify": "^1.1.0"
      }
    },
    "react-dom": {
      "version": "18.1.0",
      "resolved": "https://registry.npmjs.org/react-dom/-/react-dom-18.1.0.tgz",
      "integrity": "sha512-fU1Txz7Budmvamp7bshe4Zi32d0ll7ect+ccxNu9FlObT605GOEB8BfO4tmRJ39R5Zj831VCpvQ05QPBW5yb+w==",
      "requires": {
        "loose-envify": "^1.1.0",
        "scheduler": "^0.22.0"
      }
    },
    "scheduler": {
      "version": "0.22.0",
      "resolved": "https://registry.npmjs.org/scheduler/-/scheduler-0.22.0.tgz",
      "integrity": "sha512-6QAm1BgQI88NPYymgGQLCZgvep4FyePDWFpXVK+zNSUgHwlqpJy8VEh8Et0KxTACS4VWwMousBElAZOH9nkkoQ==",
      "requires": {
        "loose-envify": "^1.1.0"
      }
    },
    "some-pkg": {
      "version": "file:some-pkg"
    },
    "source-map-js": {
      "version": "1.0.2",
      "resolved": "https://registry.npmjs.org/source-map-js/-/source-map-js-1.0.2.tgz",
      "integrity": "sha512-R0XvVJ9WusLiqTCEiGCmICCMplcCkIwwR11mOSD9CR5u+IXYdiseeEuXCVAjS54zqwkLcPNnmU4OeJ6tUrWhDw=="
    },
    "styled-jsx": {
      "version": "5.0.2",
      "resolved": "https://registry.npmjs.org/styled-jsx/-/styled-jsx-5.0.2.tgz",
      "integrity": "sha512-LqPQrbBh3egD57NBcHET4qcgshPks+yblyhPlH2GY8oaDgKs8SK4C3dBh3oSJjgzJ3G5t1SYEZGHkP+QEpX9EQ=="
    },
    "use-sync-external-store": {
      "version": "1.1.0",
      "resolved": "https://registry.npmjs.org/use-sync-external-store/-/use-sync-external-store-1.1.0.tgz",
      "integrity": "sha512-SEnieB2FPKEVne66NpXPd1Np4R1lTNKfjuy3XdIoPQKYBAFdzbzSZlSn1KJZUiihQLQC5Znot4SBz1EOTBwQAQ=="
    }
  }
}
